// !$*UTF8*$!
{
	archiveVersion = 1;
	classes = {
	};
	objectVersion = 50;
	objects = {

/* Begin PBXBuildFile section */
		6FA28A1023BA2C2B0049653D /* DataModel.xcdatamodeld in Sources */ = {isa = PBXBuildFile; fileRef = 6FA28A0E23BA2C2B0049653D /* DataModel.xcdatamodeld */; };
		6FA28A1223BEB47C0049653D /* CategoriesViewController.swift in Sources */ = {isa = PBXBuildFile; fileRef = 6FA28A1123BEB47C0049653D /* CategoriesViewController.swift */; };
		6FE39FE923B645230009668C /* AppDelegate.swift in Sources */ = {isa = PBXBuildFile; fileRef = 6FE39FE823B645230009668C /* AppDelegate.swift */; };
		6FE39FEB23B645230009668C /* SceneDelegate.swift in Sources */ = {isa = PBXBuildFile; fileRef = 6FE39FEA23B645230009668C /* SceneDelegate.swift */; };
		6FE39FED23B645230009668C /* ToDoViewController.swift in Sources */ = {isa = PBXBuildFile; fileRef = 6FE39FEC23B645230009668C /* ToDoViewController.swift */; };
		6FE39FF023B645230009668C /* Main.storyboard in Resources */ = {isa = PBXBuildFile; fileRef = 6FE39FEE23B645230009668C /* Main.storyboard */; };
		6FE39FF223B6452C0009668C /* Assets.xcassets in Resources */ = {isa = PBXBuildFile; fileRef = 6FE39FF123B6452C0009668C /* Assets.xcassets */; };
		6FE39FF523B6452C0009668C /* LaunchScreen.storyboard in Resources */ = {isa = PBXBuildFile; fileRef = 6FE39FF323B6452C0009668C /* LaunchScreen.storyboard */; };
/* End PBXBuildFile section */

/* Begin PBXFileReference section */
		6FA28A0F23BA2C2B0049653D /* DataModel.xcdatamodel */ = {isa = PBXFileReference; lastKnownFileType = wrapper.xcdatamodel; path = DataModel.xcdatamodel; sourceTree = "<group>"; };
		6FA28A1123BEB47C0049653D /* CategoriesViewController.swift */ = {isa = PBXFileReference; lastKnownFileType = sourcecode.swift; path = CategoriesViewController.swift; sourceTree = "<group>"; };
		6FE39FE523B645230009668C /* DoList.app */ = {isa = PBXFileReference; explicitFileType = wrapper.application; includeInIndex = 0; path = DoList.app; sourceTree = BUILT_PRODUCTS_DIR; };
		6FE39FE823B645230009668C /* AppDelegate.swift */ = {isa = PBXFileReference; lastKnownFileType = sourcecode.swift; path = AppDelegate.swift; sourceTree = "<group>"; };
		6FE39FEA23B645230009668C /* SceneDelegate.swift */ = {isa = PBXFileReference; lastKnownFileType = sourcecode.swift; path = SceneDelegate.swift; sourceTree = "<group>"; };
		6FE39FEC23B645230009668C /* ToDoViewController.swift */ = {isa = PBXFileReference; lastKnownFileType = sourcecode.swift; path = ToDoViewController.swift; sourceTree = "<group>"; };
		6FE39FEF23B645230009668C /* Base */ = {isa = PBXFileReference; lastKnownFileType = file.storyboard; name = Base; path = Base.lproj/Main.storyboard; sourceTree = "<group>"; };
		6FE39FF123B6452C0009668C /* Assets.xcassets */ = {isa = PBXFileReference; lastKnownFileType = folder.assetcatalog; path = Assets.xcassets; sourceTree = "<group>"; };
		6FE39FF423B6452C0009668C /* Base */ = {isa = PBXFileReference; lastKnownFileType = file.storyboard; name = Base; path = Base.lproj/LaunchScreen.storyboard; sourceTree = "<group>"; };
		6FE39FF623B6452C0009668C /* Info.plist */ = {isa = PBXFileReference; lastKnownFileType = text.plist.xml; path = Info.plist; sourceTree = "<group>"; };
/* End PBXFileReference section */

/* Begin PBXFrameworksBuildPhase section */
		6FE39FE223B645230009668C /* Frameworks */ = {
			isa = PBXFrameworksBuildPhase;
			buildActionMask = 2147483647;
			files = (
			);
			runOnlyForDeploymentPostprocessing = 0;
		};
/* End PBXFrameworksBuildPhase section */

/* Begin PBXGroup section */
		6FA289E323B7CBEF0049653D /* Controller */ = {
			isa = PBXGroup;
			children = (
				6FE39FEC23B645230009668C /* ToDoViewController.swift */,
				6FA28A1123BEB47C0049653D /* CategoriesViewController.swift */,
			);
			path = Controller;
			sourceTree = "<group>";
		};
		6FA289E423B7CC080049653D /* View */ = {
			isa = PBXGroup;
			children = (
				6FE39FEE23B645230009668C /* Main.storyboard */,
			);
			path = View;
			sourceTree = "<group>";
		};
		6FA289E523B7CC200049653D /* Model */ = {
			isa = PBXGroup;
			children = (
				6FA28A0E23BA2C2B0049653D /* DataModel.xcdatamodeld */,
			);
			path = Model;
			sourceTree = "<group>";
		};
		6FE39FDC23B645230009668C = {
			isa = PBXGroup;
			children = (
				6FE39FE723B645230009668C /* DoList */,
				6FE39FE623B645230009668C /* Products */,
			);
			sourceTree = "<group>";
		};
		6FE39FE623B645230009668C /* Products */ = {
			isa = PBXGroup;
			children = (
				6FE39FE523B645230009668C /* DoList.app */,
			);
			name = Products;
			sourceTree = "<group>";
		};
		6FE39FE723B645230009668C /* DoList */ = {
			isa = PBXGroup;
			children = (
				6FE39FE823B645230009668C /* AppDelegate.swift */,
				6FE39FEA23B645230009668C /* SceneDelegate.swift */,
				6FA289E523B7CC200049653D /* Model */,
				6FA289E423B7CC080049653D /* View */,
				6FA289E323B7CBEF0049653D /* Controller */,
				6FE39FF123B6452C0009668C /* Assets.xcassets */,
				6FE39FF323B6452C0009668C /* LaunchScreen.storyboard */,
				6FE39FF623B6452C0009668C /* Info.plist */,
			);
			path = DoList;
			sourceTree = "<group>";
		};
/* End PBXGroup section */

/* Begin PBXNativeTarget section */
		6FE39FE423B645230009668C /* DoList */ = {
			isa = PBXNativeTarget;
			buildConfigurationList = 6FE39FF923B6452C0009668C /* Build configuration list for PBXNativeTarget "DoList" */;
			buildPhases = (
				6FE39FE123B645230009668C /* Sources */,
				6FE39FE223B645230009668C /* Frameworks */,
				6FE39FE323B645230009668C /* Resources */,
			);
			buildRules = (
			);
			dependencies = (
			);
			name = DoList;
			productName = DoList;
			productReference = 6FE39FE523B645230009668C /* DoList.app */;
			productType = "com.apple.product-type.application";
		};
/* End PBXNativeTarget section */

/* Begin PBXProject section */
		6FE39FDD23B645230009668C /* Project object */ = {
			isa = PBXProject;
			attributes = {
				LastSwiftUpdateCheck = 1120;
				LastUpgradeCheck = 1120;
				ORGANIZATIONNAME = "Dawid Jaskulski";
				TargetAttributes = {
					6FE39FE423B645230009668C = {
						CreatedOnToolsVersion = 11.2;
					};
				};
			};
			buildConfigurationList = 6FE39FE023B645230009668C /* Build configuration list for PBXProject "DoList" */;
			compatibilityVersion = "Xcode 9.3";
			developmentRegion = en;
			hasScannedForEncodings = 0;
			knownRegions = (
				en,
				Base,
			);
			mainGroup = 6FE39FDC23B645230009668C;
			productRefGroup = 6FE39FE623B645230009668C /* Products */;
			projectDirPath = "";
			projectRoot = "";
			targets = (
				6FE39FE423B645230009668C /* DoList */,
			);
		};
/* End PBXProject section */

/* Begin PBXResourcesBuildPhase section */
		6FE39FE323B645230009668C /* Resources */ = {
			isa = PBXResourcesBuildPhase;
			buildActionMask = 2147483647;
			files = (
				6FE39FF523B6452C0009668C /* LaunchScreen.storyboard in Resources */,
				6FE39FF223B6452C0009668C /* Assets.xcassets in Resources */,
				6FE39FF023B645230009668C /* Main.storyboard in Resources */,
			);
			runOnlyForDeploymentPostprocessing = 0;
		};
/* End PBXResourcesBuildPhase section */

/* Begin PBXSourcesBuildPhase section */
		6FE39FE123B645230009668C /* Sources */ = {
			isa = PBXSourcesBuildPhase;
			buildActionMask = 2147483647;
			files = (
				6FA28A1023BA2C2B0049653D /* DataModel.xcdatamodeld in Sources */,
				6FE39FED23B645230009668C /* ToDoViewController.swift in Sources */,
				6FE39FE923B645230009668C /* AppDelegate.swift in Sources */,
				6FE39FEB23B645230009668C /* SceneDelegate.swift in Sources */,
				6FA28A1223BEB47C0049653D /* CategoriesViewController.swift in Sources */,
			);
			runOnlyForDeploymentPostprocessing = 0;
		};
/* End PBXSourcesBuildPhase section */

/* Begin PBXVariantGroup section */
		6FE39FEE23B645230009668C /* Main.storyboard */ = {
			isa = PBXVariantGroup;
			children = (
				6FE39FEF23B645230009668C /* Base */,
			);
			name = Main.storyboard;
			sourceTree = "<group>";
		};
		6FE39FF323B6452C0009668C /* LaunchScreen.storyboard */ = {
			isa = PBXVariantGroup;
			children = (
				6FE39FF423B6452C0009668C /* Base */,
			);
			name = LaunchScreen.storyboard;
			sourceTree = "<group>";
		};
/* End PBXVariantGroup section */

/* Begin XCBuildConfiguration section */
		6FE39FF723B6452C0009668C /* Debug */ = {
			isa = XCBuildConfiguration;
			buildSettings = {
				ALWAYS_SEARCH_USER_PATHS = NO;
				CLANG_ANALYZER_NONNULL = YES;
				CLANG_ANALYZER_NUMBER_OBJECT_CONVERSION = YES_AGGRESSIVE;
				CLANG_CXX_LANGUAGE_STANDARD = "gnu++14";
				CLANG_CXX_LIBRARY = "libc++";
				CLANG_ENABLE_MODULES = YES;
				CLANG_ENABLE_OBJC_ARC = YES;
				CLANG_ENABLE_OBJC_WEAK = YES;
				CLANG_WARN_BLOCK_CAPTURE_AUTORELEASING = YES;
				CLANG_WARN_BOOL_CONVERSION = YES;
				CLANG_WARN_COMMA = YES;
				CLANG_WARN_CONSTANT_CONVERSION = YES;
				CLANG_WARN_DEPRECATED_OBJC_IMPLEMENTATIONS = YES;
				CLANG_WARN_DIRECT_OBJC_ISA_USAGE = YES_ERROR;
				CLANG_WARN_DOCUMENTATION_COMMENTS = YES;
				CLANG_WARN_EMPTY_BODY = YES;
				CLANG_WARN_ENUM_CONVERSION = YES;
				CLANG_WARN_INFINITE_RECURSION = YES;
				CLANG_WARN_INT_CONVERSION = YES;
				CLANG_WARN_NON_LITERAL_NULL_CONVERSION = YES;
				CLANG_WARN_OBJC_IMPLICIT_RETAIN_SELF = YES;
				CLANG_WARN_OBJC_LITERAL_CONVERSION = YES;
				CLANG_WARN_OBJC_ROOT_CLASS = YES_ERROR;
				CLANG_WARN_RANGE_LOOP_ANALYSIS = YES;
				CLANG_WARN_STRICT_PROTOTYPES = YES;
				CLANG_WARN_SUSPICIOUS_MOVE = YES;
				CLANG_WARN_UNGUARDED_AVAILABILITY = YES_AGGRESSIVE;
				CLANG_WARN_UNREACHABLE_CODE = YES;
				CLANG_WARN__DUPLICATE_METHOD_MATCH = YES;
				COPY_PHASE_STRIP = NO;
				DEBUG_INFORMATION_FORMAT = dwarf;
				ENABLE_STRICT_OBJC_MSGSEND = YES;
				ENABLE_TESTABILITY = YES;
				GCC_C_LANGUAGE_STANDARD = gnu11;
				GCC_DYNAMIC_NO_PIC = NO;
				GCC_NO_COMMON_BLOCKS = YES;
				GCC_OPTIMIZATION_LEVEL = 0;
				GCC_PREPROCESSOR_DEFINITIONS = (
					"DEBUG=1",
					"$(inherited)",
				);
				GCC_WARN_64_TO_32_BIT_CONVERSION = YES;
				GCC_WARN_ABOUT_RETURN_TYPE = YES_ERROR;
				GCC_WARN_UNDECLARED_SELECTOR = YES;
				GCC_WARN_UNINITIALIZED_AUTOS = YES_AGGRESSIVE;
				GCC_WARN_UNUSED_FUNCTION = YES;
				GCC_WARN_UNUSED_VARIABLE = YES;
				IPHONEOS_DEPLOYMENT_TARGET = 13.2;
				MTL_ENABLE_DEBUG_INFO = INCLUDE_SOURCE;
				MTL_FAST_MATH = YES;
				ONLY_ACTIVE_ARCH = YES;
				SDKROOT = iphoneos;
				SWIFT_ACTIVE_COMPILATION_CONDITIONS = DEBUG;
				SWIFT_OPTIMIZATION_LEVEL = "-Onone";
			};
			name = Debug;
		};
		6FE39FF823B6452C0009668C /* Release */ = {
			isa = XCBuildConfiguration;
			buildSettings = {
				ALWAYS_SEARCH_USER_PATHS = NO;
				CLANG_ANALYZER_NONNULL = YES;
				CLANG_ANALYZER_NUMBER_OBJECT_CONVERSION = YES_AGGRESSIVE;
				CLANG_CXX_LANGUAGE_STANDARD = "gnu++14";
				CLANG_CXX_LIBRARY = "libc++";
				CLANG_ENABLE_MODULES = YES;
				CLANG_ENABLE_OBJC_ARC = YES;
				CLANG_ENABLE_OBJC_WEAK = YES;
				CLANG_WARN_BLOCK_CAPTURE_AUTORELEASING = YES;
				CLANG_WARN_BOOL_CONVERSION = YES;
				CLANG_WARN_COMMA = YES;
				CLANG_WARN_CONSTANT_CONVERSION = YES;
				CLANG_WARN_DEPRECATED_OBJC_IMPLEMENTATIONS = YES;
				CLANG_WARN_DIRECT_OBJC_ISA_USAGE = YES_ERROR;
				CLANG_WARN_DOCUMENTATION_COMMENTS = YES;
				CLANG_WARN_EMPTY_BODY = YES;
				CLANG_WARN_ENUM_CONVERSION = YES;
				CLANG_WARN_INFINITE_RECURSION = YES;
				CLANG_WARN_INT_CONVERSION = YES;
				CLANG_WARN_NON_LITERAL_NULL_CONVERSION = YES;
				CLANG_WARN_OBJC_IMPLICIT_RETAIN_SELF = YES;
				CLANG_WARN_OBJC_LITERAL_CONVERSION = YES;
				CLANG_WARN_OBJC_ROOT_CLASS = YES_ERROR;
				CLANG_WARN_RANGE_LOOP_ANALYSIS = YES;
				CLANG_WARN_STRICT_PROTOTYPES = YES;
				CLANG_WARN_SUSPICIOUS_MOVE = YES;
				CLANG_WARN_UNGUARDED_AVAILABILITY = YES_AGGRESSIVE;
				CLANG_WARN_UNREACHABLE_CODE = YES;
				CLANG_WARN__DUPLICATE_METHOD_MATCH = YES;
				COPY_PHASE_STRIP = NO;
				DEBUG_INFORMATION_FORMAT = "dwarf-with-dsym";
				ENABLE_NS_ASSERTIONS = NO;
				ENABLE_STRICT_OBJC_MSGSEND = YES;
				GCC_C_LANGUAGE_STANDARD = gnu11;
				GCC_NO_COMMON_BLOCKS = YES;
				GCC_WARN_64_TO_32_BIT_CONVERSION = YES;
				GCC_WARN_ABOUT_RETURN_TYPE = YES_ERROR;
				GCC_WARN_UNDECLARED_SELECTOR = YES;
				GCC_WARN_UNINITIALIZED_AUTOS = YES_AGGRESSIVE;
				GCC_WARN_UNUSED_FUNCTION = YES;
				GCC_WARN_UNUSED_VARIABLE = YES;
				IPHONEOS_DEPLOYMENT_TARGET = 13.2;
				MTL_ENABLE_DEBUG_INFO = NO;
				MTL_FAST_MATH = YES;
				SDKROOT = iphoneos;
				SWIFT_COMPILATION_MODE = wholemodule;
				SWIFT_OPTIMIZATION_LEVEL = "-O";
				VALIDATE_PRODUCT = YES;
			};
			name = Release;
		};
		6FE39FFA23B6452C0009668C /* Debug */ = {
			isa = XCBuildConfiguration;
			buildSettings = {
				ASSETCATALOG_COMPILER_APPICON_NAME = AppIcon;
				CODE_SIGN_STYLE = Automatic;
				DEVELOPMENT_TEAM = 35VJ692JFR;
				INFOPLIST_FILE = DoList/Info.plist;
				LD_RUNPATH_SEARCH_PATHS = (
					"$(inherited)",
					"@executable_path/Frameworks",
				);
				PRODUCT_BUNDLE_IDENTIFIER = com.dawidjaskulski.DoList.DoList;
				PRODUCT_NAME = "$(TARGET_NAME)";
				SWIFT_VERSION = 5.0;
				TARGETED_DEVICE_FAMILY = "1,2";
			};
			name = Debug;
		};
		6FE39FFB23B6452C0009668C /* Release */ = {
			isa = XCBuildConfiguration;
			buildSettings = {
				ASSETCATALOG_COMPILER_APPICON_NAME = AppIcon;
				CODE_SIGN_STYLE = Automatic;
				DEVELOPMENT_TEAM = 35VJ692JFR;
				INFOPLIST_FILE = DoList/Info.plist;
				LD_RUNPATH_SEARCH_PATHS = (
					"$(inherited)",
					"@executable_path/Frameworks",
				);
				PRODUCT_BUNDLE_IDENTIFIER = com.dawidjaskulski.DoList.DoList;
				PRODUCT_NAME = "$(TARGET_NAME)";
				SWIFT_VERSION = 5.0;
				TARGETED_DEVICE_FAMILY = "1,2";
			};
			name = Release;
		};
/* End XCBuildConfiguration section */

/* Begin XCConfigurationList section */
		6FE39FE023B645230009668C /* Build configuration list for PBXProject "DoList" */ = {
			isa = XCConfigurationList;
			buildConfigurations = (
				6FE39FF723B6452C0009668C /* Debug */,
				6FE39FF823B6452C0009668C /* Release */,
			);
			defaultConfigurationIsVisible = 0;
			defaultConfigurationName = Release;
		};
		6FE39FF923B6452C0009668C /* Build configuration list for PBXNativeTarget "DoList" */ = {
			isa = XCConfigurationList;
			buildConfigurations = (
				6FE39FFA23B6452C0009668C /* Debug */,
				6FE39FFB23B6452C0009668C /* Release */,
			);
			defaultConfigurationIsVisible = 0;
			defaultConfigurationName = Release;
		};
/* End XCConfigurationList section */

/* Begin XCVersionGroup section */
		6FA28A0E23BA2C2B0049653D /* DataModel.xcdatamodeld */ = {
			isa = XCVersionGroup;
			children = (
				6FA28A0F23BA2C2B0049653D /* DataModel.xcdatamodel */,
			);
			currentVersion = 6FA28A0F23BA2C2B0049653D /* DataModel.xcdatamodel */;
			path = DataModel.xcdatamodeld;
			sourceTree = "<group>";
			versionGroupType = wrapper.xcdatamodel;
		};
/* End XCVersionGroup section */
	};
	rootObject = 6FE39FDD23B645230009668C /* Project object */;
}
